<?xml version="1.0" encoding="utf-8"?>
<Project ToolsVersion="4.0" xmlns="http://schemas.microsoft.com/developer/msbuild/2003">
  <ItemGroup>
    <Filter Include="Source Files">
      <UniqueIdentifier>{4FC737F1-C7A5-4376-A066-2A32D752A2FF}</UniqueIdentifier>
      <Extensions>qml;cpp;c;cc;cxx;def;odl;idl;hpj;bat;asm;asmx</Extensions>
    </Filter>
    <Filter Include="Header Files">
      <UniqueIdentifier>{93995380-89BD-4b04-88EB-625FBE52EBFB}</UniqueIdentifier>
      <Extensions>h;hh;hpp;hxx;hm;inl;inc;xsd</Extensions>
    </Filter>
    <Filter Include="Resource Files">
      <UniqueIdentifier>{67DA6AB6-F800-4c08-8B7A-83BB121AAD01}</UniqueIdentifier>
      <Extensions>qrc;rc;ico;cur;bmp;dlg;rc2;rct;bin;rgs;gif;jpg;jpeg;jpe;resx;tiff;tif;png;wav;mfcribbon-ms</Extensions>
    </Filter>
    <Filter Include="Header Files\Windowses">
      <UniqueIdentifier>{bfac624b-135d-40aa-9d73-ae1b91ee922c}</UniqueIdentifier>
    </Filter>
    <Filter Include="Header Files\BaseButtons">
      <UniqueIdentifier>{2ad22327-06a5-4118-8af5-505f47df81ea}</UniqueIdentifier>
    </Filter>
    <Filter Include="Header Files\Windowses\MainWindow">
      <UniqueIdentifier>{63d75d77-97a7-463b-b998-8b7b3ed9873d}</UniqueIdentifier>
    </Filter>
    <Filter Include="Header Files\Windowses\MainWindow\Buttons">
      <UniqueIdentifier>{f35d5316-b2bf-4559-af9b-10fb1e48bbaa}</UniqueIdentifier>
    </Filter>
  </ItemGroup>
  <ItemGroup>
    <ClCompile Include="main.cpp">
      <Filter>Source Files</Filter>
    </ClCompile>
  </ItemGroup>
  <ItemGroup>
    <ClInclude Include="DesignedQPushButton.h">
      <Filter>Header Files\BaseButtons</Filter>
    </ClInclude>
    <ClInclude Include="DesignedQTextEdit.h">
      <Filter>Header Files\BaseButtons</Filter>
    </ClInclude>
    <ClInclude Include="AddPhraseButton.h">
      <Filter>Header Files\Windowses\MainWindow\Buttons</Filter>
    </ClInclude>
    <ClInclude Include="DeletePhraseButton.h">
      <Filter>Header Files\Windowses\MainWindow\Buttons</Filter>
    </ClInclude>
    <ClInclude Include="StartLearningButton.h">
      <Filter>Header Files\Windowses\MainWindow\Buttons</Filter>
    </ClInclude>
    <ClInclude Include="EnglishLearning.h">
      <Filter>Header Files</Filter>
    </ClInclude>
    <ClInclude Include="InputPhraseAreaList.h">
      <Filter>Header Files\Windowses\MainWindow</Filter>
    </ClInclude>
    <ClInclude Include="ScrollableInputPhraseAreaList.h">
      <Filter>Header Files\Windowses\MainWindow</Filter>
    </ClInclude>
  </ItemGroup>
  <ItemGroup>
    <QtMoc Include="MainWindow.h">
      <Filter>Header Files\Windowses\MainWindow</Filter>
    </QtMoc>
    <QtMoc Include="InputPhraseArea.h">
      <Filter>Header Files\Windowses\MainWindow</Filter>
    </QtMoc>
    <QtMoc Include="InputPhraseAreaListManager.h">
      <Filter>Header Files\Windowses\MainWindow</Filter>
    </QtMoc>
  </ItemGroup>
</Project>